// !$*UTF8*$!
{
	archiveVersion = 1;
	classes = {
	};
	objectVersion = 50;
	objects = {

/* Begin PBXBuildFile section */
		02FF592E23D1775D00AC819D /* AppDelegate.swift in Sources */ = {isa = PBXBuildFile; fileRef = 02FF592D23D1775D00AC819D /* AppDelegate.swift */; };
		02FF593023D1775D00AC819D /* SceneDelegate.swift in Sources */ = {isa = PBXBuildFile; fileRef = 02FF592F23D1775D00AC819D /* SceneDelegate.swift */; };
		02FF593223D1775D00AC819D /* ViewController.swift in Sources */ = {isa = PBXBuildFile; fileRef = 02FF593123D1775D00AC819D /* ViewController.swift */; };
		02FF593523D1775D00AC819D /* Main.storyboard in Resources */ = {isa = PBXBuildFile; fileRef = 02FF593323D1775D00AC819D /* Main.storyboard */; };
		02FF593823D1775D00AC819D /* Society.xcdatamodeld in Sources */ = {isa = PBXBuildFile; fileRef = 02FF593623D1775D00AC819D /* Society.xcdatamodeld */; };
		02FF593A23D1775F00AC819D /* Assets.xcassets in Resources */ = {isa = PBXBuildFile; fileRef = 02FF593923D1775F00AC819D /* Assets.xcassets */; };
		02FF593D23D1775F00AC819D /* LaunchScreen.storyboard in Resources */ = {isa = PBXBuildFile; fileRef = 02FF593B23D1775F00AC819D /* LaunchScreen.storyboard */; };
		02FF594523D2715E00AC819D /* Extensions.swift in Sources */ = {isa = PBXBuildFile; fileRef = 02FF594423D2715E00AC819D /* Extensions.swift */; };
		02FF594723D271BF00AC819D /* Designables&Inspectables.swift in Sources */ = {isa = PBXBuildFile; fileRef = 02FF594623D271BF00AC819D /* Designables&Inspectables.swift */; };
		02FF594923D281DC00AC819D /* SignUpViewController.swift in Sources */ = {isa = PBXBuildFile; fileRef = 02FF594823D281DC00AC819D /* SignUpViewController.swift */; };
		02FF594D23D286DE00AC819D /* CategorySelectionViewController.swift in Sources */ = {isa = PBXBuildFile; fileRef = 02FF594C23D286DE00AC819D /* CategorySelectionViewController.swift */; };
		02FF594F23D286EF00AC819D /* Category.storyboard in Resources */ = {isa = PBXBuildFile; fileRef = 02FF594E23D286EF00AC819D /* Category.storyboard */; };
		02FF595223D295ED00AC819D /* CollectionCell.swift in Sources */ = {isa = PBXBuildFile; fileRef = 02FF595123D295ED00AC819D /* CollectionCell.swift */; };
		02FF595523D29A0E00AC819D /* Views.swift in Sources */ = {isa = PBXBuildFile; fileRef = 02FF595423D29A0E00AC819D /* Views.swift */; };
		02FF595823D365D600AC819D /* TopicViewController.swift in Sources */ = {isa = PBXBuildFile; fileRef = 02FF595723D365D600AC819D /* TopicViewController.swift */; };
		02FF595A23D3662C00AC819D /* Topic.storyboard in Resources */ = {isa = PBXBuildFile; fileRef = 02FF595923D3662C00AC819D /* Topic.storyboard */; };
		02FF595D23D373D300AC819D /* Cell.swift in Sources */ = {isa = PBXBuildFile; fileRef = 02FF595C23D373D300AC819D /* Cell.swift */; };
		02FF595F23D635F100AC819D /* AddPostViewController.swift in Sources */ = {isa = PBXBuildFile; fileRef = 02FF595E23D635F100AC819D /* AddPostViewController.swift */; };
		02FF596123D69FBB00AC819D /* MainPostViewController.swift in Sources */ = {isa = PBXBuildFile; fileRef = 02FF596023D69FBB00AC819D /* MainPostViewController.swift */; };
/* End PBXBuildFile section */

/* Begin PBXFileReference section */
		02FF592A23D1775D00AC819D /* Society.app */ = {isa = PBXFileReference; explicitFileType = wrapper.application; includeInIndex = 0; path = Society.app; sourceTree = BUILT_PRODUCTS_DIR; };
		02FF592D23D1775D00AC819D /* AppDelegate.swift */ = {isa = PBXFileReference; lastKnownFileType = sourcecode.swift; path = AppDelegate.swift; sourceTree = "<group>"; };
		02FF592F23D1775D00AC819D /* SceneDelegate.swift */ = {isa = PBXFileReference; lastKnownFileType = sourcecode.swift; path = SceneDelegate.swift; sourceTree = "<group>"; };
		02FF593123D1775D00AC819D /* ViewController.swift */ = {isa = PBXFileReference; lastKnownFileType = sourcecode.swift; path = ViewController.swift; sourceTree = "<group>"; };
		02FF593423D1775D00AC819D /* Base */ = {isa = PBXFileReference; lastKnownFileType = file.storyboard; name = Base; path = Base.lproj/Main.storyboard; sourceTree = "<group>"; };
		02FF593723D1775D00AC819D /* Society.xcdatamodel */ = {isa = PBXFileReference; lastKnownFileType = wrapper.xcdatamodel; path = Society.xcdatamodel; sourceTree = "<group>"; };
		02FF593923D1775F00AC819D /* Assets.xcassets */ = {isa = PBXFileReference; lastKnownFileType = folder.assetcatalog; path = Assets.xcassets; sourceTree = "<group>"; };
		02FF593C23D1775F00AC819D /* Base */ = {isa = PBXFileReference; lastKnownFileType = file.storyboard; name = Base; path = Base.lproj/LaunchScreen.storyboard; sourceTree = "<group>"; };
		02FF593E23D1775F00AC819D /* Info.plist */ = {isa = PBXFileReference; lastKnownFileType = text.plist.xml; path = Info.plist; sourceTree = "<group>"; };
		02FF594423D2715E00AC819D /* Extensions.swift */ = {isa = PBXFileReference; lastKnownFileType = sourcecode.swift; path = Extensions.swift; sourceTree = "<group>"; };
		02FF594623D271BF00AC819D /* Designables&Inspectables.swift */ = {isa = PBXFileReference; lastKnownFileType = sourcecode.swift; path = "Designables&Inspectables.swift"; sourceTree = "<group>"; };
		02FF594823D281DC00AC819D /* SignUpViewController.swift */ = {isa = PBXFileReference; lastKnownFileType = sourcecode.swift; path = SignUpViewController.swift; sourceTree = "<group>"; };
		02FF594C23D286DE00AC819D /* CategorySelectionViewController.swift */ = {isa = PBXFileReference; lastKnownFileType = sourcecode.swift; path = CategorySelectionViewController.swift; sourceTree = "<group>"; };
		02FF594E23D286EF00AC819D /* Category.storyboard */ = {isa = PBXFileReference; lastKnownFileType = file.storyboard; path = Category.storyboard; sourceTree = "<group>"; };
		02FF595123D295ED00AC819D /* CollectionCell.swift */ = {isa = PBXFileReference; lastKnownFileType = sourcecode.swift; path = CollectionCell.swift; sourceTree = "<group>"; };
		02FF595423D29A0E00AC819D /* Views.swift */ = {isa = PBXFileReference; lastKnownFileType = sourcecode.swift; path = Views.swift; sourceTree = "<group>"; };
		02FF595723D365D600AC819D /* TopicViewController.swift */ = {isa = PBXFileReference; lastKnownFileType = sourcecode.swift; path = TopicViewController.swift; sourceTree = "<group>"; };
		02FF595923D3662C00AC819D /* Topic.storyboard */ = {isa = PBXFileReference; lastKnownFileType = file.storyboard; path = Topic.storyboard; sourceTree = "<group>"; };
		02FF595C23D373D300AC819D /* Cell.swift */ = {isa = PBXFileReference; lastKnownFileType = sourcecode.swift; path = Cell.swift; sourceTree = "<group>"; };
		02FF595E23D635F100AC819D /* AddPostViewController.swift */ = {isa = PBXFileReference; lastKnownFileType = sourcecode.swift; path = AddPostViewController.swift; sourceTree = "<group>"; };
		02FF596023D69FBB00AC819D /* MainPostViewController.swift */ = {isa = PBXFileReference; lastKnownFileType = sourcecode.swift; path = MainPostViewController.swift; sourceTree = "<group>"; };
/* End PBXFileReference section */

/* Begin PBXFrameworksBuildPhase section */
		02FF592723D1775D00AC819D /* Frameworks */ = {
			isa = PBXFrameworksBuildPhase;
			buildActionMask = 2147483647;
			files = (
			);
			runOnlyForDeploymentPostprocessing = 0;
		};
/* End PBXFrameworksBuildPhase section */

/* Begin PBXGroup section */
		02FF592123D1775D00AC819D = {
			isa = PBXGroup;
			children = (
				02FF592C23D1775D00AC819D /* Society */,
				02FF592B23D1775D00AC819D /* Products */,
				02FF592F23D1775D00AC819D /* SceneDelegate.swift */,
				02FF593623D1775D00AC819D /* Society.xcdatamodeld */,
			);
			sourceTree = "<group>";
		};
		02FF592B23D1775D00AC819D /* Products */ = {
			isa = PBXGroup;
			children = (
				02FF592A23D1775D00AC819D /* Society.app */,
			);
			name = Products;
			sourceTree = "<group>";
		};
		02FF592C23D1775D00AC819D /* Society */ = {
			isa = PBXGroup;
			children = (
				02FF593E23D1775F00AC819D /* Info.plist */,
				02FF592D23D1775D00AC819D /* AppDelegate.swift */,
				02FF593B23D1775F00AC819D /* LaunchScreen.storyboard */,
				02FF595623D3659A00AC819D /* TopicHome */,
				02FF594B23D286A600AC819D /* CategoryHome */,
				02FF594A23D2861E00AC819D /* Login&SignUp */,
				02FF593923D1775F00AC819D /* Assets.xcassets */,
				02FF595323D299E500AC819D /* Views&More */,
			);
			path = Society;
			sourceTree = "<group>";
		};
		02FF594A23D2861E00AC819D /* Login&SignUp */ = {
			isa = PBXGroup;
			children = (
				02FF593323D1775D00AC819D /* Main.storyboard */,
				02FF594823D281DC00AC819D /* SignUpViewController.swift */,
				02FF593123D1775D00AC819D /* ViewController.swift */,
			);
			path = "Login&SignUp";
			sourceTree = "<group>";
		};
		02FF594B23D286A600AC819D /* CategoryHome */ = {
			isa = PBXGroup;
			children = (
				02FF595023D295C800AC819D /* Cells&Models */,
				02FF594C23D286DE00AC819D /* CategorySelectionViewController.swift */,
				02FF594E23D286EF00AC819D /* Category.storyboard */,
			);
			path = CategoryHome;
			sourceTree = "<group>";
		};
		02FF595023D295C800AC819D /* Cells&Models */ = {
			isa = PBXGroup;
			children = (
				02FF595123D295ED00AC819D /* CollectionCell.swift */,
			);
			path = "Cells&Models";
			sourceTree = "<group>";
		};
		02FF595323D299E500AC819D /* Views&More */ = {
			isa = PBXGroup;
			children = (
				02FF594423D2715E00AC819D /* Extensions.swift */,
				02FF594623D271BF00AC819D /* Designables&Inspectables.swift */,
				02FF595423D29A0E00AC819D /* Views.swift */,
			);
			path = "Views&More";
			sourceTree = "<group>";
		};
		02FF595623D3659A00AC819D /* TopicHome */ = {
			isa = PBXGroup;
			children = (
				02FF595B23D3738200AC819D /* Cells&Model */,
				02FF595723D365D600AC819D /* TopicViewController.swift */,
				02FF595923D3662C00AC819D /* Topic.storyboard */,
				02FF595E23D635F100AC819D /* AddPostViewController.swift */,
				02FF596023D69FBB00AC819D /* MainPostViewController.swift */,
			);
			path = TopicHome;
			sourceTree = "<group>";
		};
		02FF595B23D3738200AC819D /* Cells&Model */ = {
			isa = PBXGroup;
			children = (
				02FF595C23D373D300AC819D /* Cell.swift */,
			);
			path = "Cells&Model";
			sourceTree = "<group>";
		};
/* End PBXGroup section */

/* Begin PBXNativeTarget section */
		02FF592923D1775D00AC819D /* Society */ = {
			isa = PBXNativeTarget;
			buildConfigurationList = 02FF594123D1775F00AC819D /* Build configuration list for PBXNativeTarget "Society" */;
			buildPhases = (
				02FF592623D1775D00AC819D /* Sources */,
				02FF592723D1775D00AC819D /* Frameworks */,
				02FF592823D1775D00AC819D /* Resources */,
			);
			buildRules = (
			);
			dependencies = (
			);
			name = Society;
			productName = Society;
			productReference = 02FF592A23D1775D00AC819D /* Society.app */;
			productType = "com.apple.product-type.application";
		};
/* End PBXNativeTarget section */

/* Begin PBXProject section */
		02FF592223D1775D00AC819D /* Project object */ = {
			isa = PBXProject;
			attributes = {
				LastSwiftUpdateCheck = 1120;
				LastUpgradeCheck = 1120;
				ORGANIZATIONNAME = "Simon Tekeste";
				TargetAttributes = {
					02FF592923D1775D00AC819D = {
						CreatedOnToolsVersion = 11.2.1;
					};
				};
			};
			buildConfigurationList = 02FF592523D1775D00AC819D /* Build configuration list for PBXProject "Society" */;
			compatibilityVersion = "Xcode 9.3";
			developmentRegion = en;
			hasScannedForEncodings = 0;
			knownRegions = (
				en,
				Base,
			);
			mainGroup = 02FF592123D1775D00AC819D;
			productRefGroup = 02FF592B23D1775D00AC819D /* Products */;
			projectDirPath = "";
			projectRoot = "";
			targets = (
				02FF592923D1775D00AC819D /* Society */,
			);
		};
/* End PBXProject section */

/* Begin PBXResourcesBuildPhase section */
		02FF592823D1775D00AC819D /* Resources */ = {
			isa = PBXResourcesBuildPhase;
			buildActionMask = 2147483647;
			files = (
				02FF594F23D286EF00AC819D /* Category.storyboard in Resources */,
				02FF593D23D1775F00AC819D /* LaunchScreen.storyboard in Resources */,
				02FF593A23D1775F00AC819D /* Assets.xcassets in Resources */,
				02FF595A23D3662C00AC819D /* Topic.storyboard in Resources */,
				02FF593523D1775D00AC819D /* Main.storyboard in Resources */,
			);
			runOnlyForDeploymentPostprocessing = 0;
		};
/* End PBXResourcesBuildPhase section */

/* Begin PBXSourcesBuildPhase section */
		02FF592623D1775D00AC819D /* Sources */ = {
			isa = PBXSourcesBuildPhase;
			buildActionMask = 2147483647;
			files = (
				02FF594523D2715E00AC819D /* Extensions.swift in Sources */,
				02FF593823D1775D00AC819D /* Society.xcdatamodeld in Sources */,
				02FF595223D295ED00AC819D /* CollectionCell.swift in Sources */,
				02FF594923D281DC00AC819D /* SignUpViewController.swift in Sources */,
				02FF595F23D635F100AC819D /* AddPostViewController.swift in Sources */,
				02FF596123D69FBB00AC819D /* MainPostViewController.swift in Sources */,
				02FF594D23D286DE00AC819D /* CategorySelectionViewController.swift in Sources */,
				02FF595D23D373D300AC819D /* Cell.swift in Sources */,
				02FF593223D1775D00AC819D /* ViewController.swift in Sources */,
				02FF592E23D1775D00AC819D /* AppDelegate.swift in Sources */,
				02FF593023D1775D00AC819D /* SceneDelegate.swift in Sources */,
				02FF595523D29A0E00AC819D /* Views.swift in Sources */,
				02FF594723D271BF00AC819D /* Designables&Inspectables.swift in Sources */,
				02FF595823D365D600AC819D /* TopicViewController.swift in Sources */,
			);
			runOnlyForDeploymentPostprocessing = 0;
		};
/* End PBXSourcesBuildPhase section */

/* Begin PBXVariantGroup section */
		02FF593323D1775D00AC819D /* Main.storyboard */ = {
			isa = PBXVariantGroup;
			children = (
				02FF593423D1775D00AC819D /* Base */,
			);
			name = Main.storyboard;
			sourceTree = "<group>";
		};
		02FF593B23D1775F00AC819D /* LaunchScreen.storyboard */ = {
			isa = PBXVariantGroup;
			children = (
				02FF593C23D1775F00AC819D /* Base */,
			);
			name = LaunchScreen.storyboard;
			sourceTree = "<group>";
		};
/* End PBXVariantGroup section */

/* Begin XCBuildConfiguration section */
		02FF593F23D1775F00AC819D /* Debug */ = {
			isa = XCBuildConfiguration;
			buildSettings = {
				ALWAYS_SEARCH_USER_PATHS = NO;
				CLANG_ANALYZER_NONNULL = YES;
				CLANG_ANALYZER_NUMBER_OBJECT_CONVERSION = YES_AGGRESSIVE;
				CLANG_CXX_LANGUAGE_STANDARD = "gnu++14";
				CLANG_CXX_LIBRARY = "libc++";
				CLANG_ENABLE_MODULES = YES;
				CLANG_ENABLE_OBJC_ARC = YES;
				CLANG_ENABLE_OBJC_WEAK = YES;
				CLANG_WARN_BLOCK_CAPTURE_AUTORELEASING = YES;
				CLANG_WARN_BOOL_CONVERSION = YES;
				CLANG_WARN_COMMA = YES;
				CLANG_WARN_CONSTANT_CONVERSION = YES;
				CLANG_WARN_DEPRECATED_OBJC_IMPLEMENTATIONS = YES;
				CLANG_WARN_DIRECT_OBJC_ISA_USAGE = YES_ERROR;
				CLANG_WARN_DOCUMENTATION_COMMENTS = YES;
				CLANG_WARN_EMPTY_BODY = YES;
				CLANG_WARN_ENUM_CONVERSION = YES;
				CLANG_WARN_INFINITE_RECURSION = YES;
				CLANG_WARN_INT_CONVERSION = YES;
				CLANG_WARN_NON_LITERAL_NULL_CONVERSION = YES;
				CLANG_WARN_OBJC_IMPLICIT_RETAIN_SELF = YES;
				CLANG_WARN_OBJC_LITERAL_CONVERSION = YES;
				CLANG_WARN_OBJC_ROOT_CLASS = YES_ERROR;
				CLANG_WARN_RANGE_LOOP_ANALYSIS = YES;
				CLANG_WARN_STRICT_PROTOTYPES = YES;
				CLANG_WARN_SUSPICIOUS_MOVE = YES;
				CLANG_WARN_UNGUARDED_AVAILABILITY = YES_AGGRESSIVE;
				CLANG_WARN_UNREACHABLE_CODE = YES;
				CLANG_WARN__DUPLICATE_METHOD_MATCH = YES;
				COPY_PHASE_STRIP = NO;
				DEBUG_INFORMATION_FORMAT = dwarf;
				ENABLE_STRICT_OBJC_MSGSEND = YES;
				ENABLE_TESTABILITY = YES;
				GCC_C_LANGUAGE_STANDARD = gnu11;
				GCC_DYNAMIC_NO_PIC = NO;
				GCC_NO_COMMON_BLOCKS = YES;
				GCC_OPTIMIZATION_LEVEL = 0;
				GCC_PREPROCESSOR_DEFINITIONS = (
					"DEBUG=1",
					"$(inherited)",
				);
				GCC_WARN_64_TO_32_BIT_CONVERSION = YES;
				GCC_WARN_ABOUT_RETURN_TYPE = YES_ERROR;
				GCC_WARN_UNDECLARED_SELECTOR = YES;
				GCC_WARN_UNINITIALIZED_AUTOS = YES_AGGRESSIVE;
				GCC_WARN_UNUSED_FUNCTION = YES;
				GCC_WARN_UNUSED_VARIABLE = YES;
				IPHONEOS_DEPLOYMENT_TARGET = 13.2;
				MTL_ENABLE_DEBUG_INFO = INCLUDE_SOURCE;
				MTL_FAST_MATH = YES;
				ONLY_ACTIVE_ARCH = YES;
				SDKROOT = iphoneos;
				SWIFT_ACTIVE_COMPILATION_CONDITIONS = DEBUG;
				SWIFT_OPTIMIZATION_LEVEL = "-Onone";
			};
			name = Debug;
		};
		02FF594023D1775F00AC819D /* Release */ = {
			isa = XCBuildConfiguration;
			buildSettings = {
				ALWAYS_SEARCH_USER_PATHS = NO;
				CLANG_ANALYZER_NONNULL = YES;
				CLANG_ANALYZER_NUMBER_OBJECT_CONVERSION = YES_AGGRESSIVE;
				CLANG_CXX_LANGUAGE_STANDARD = "gnu++14";
				CLANG_CXX_LIBRARY = "libc++";
				CLANG_ENABLE_MODULES = YES;
				CLANG_ENABLE_OBJC_ARC = YES;
				CLANG_ENABLE_OBJC_WEAK = YES;
				CLANG_WARN_BLOCK_CAPTURE_AUTORELEASING = YES;
				CLANG_WARN_BOOL_CONVERSION = YES;
				CLANG_WARN_COMMA = YES;
				CLANG_WARN_CONSTANT_CONVERSION = YES;
				CLANG_WARN_DEPRECATED_OBJC_IMPLEMENTATIONS = YES;
				CLANG_WARN_DIRECT_OBJC_ISA_USAGE = YES_ERROR;
				CLANG_WARN_DOCUMENTATION_COMMENTS = YES;
				CLANG_WARN_EMPTY_BODY = YES;
				CLANG_WARN_ENUM_CONVERSION = YES;
				CLANG_WARN_INFINITE_RECURSION = YES;
				CLANG_WARN_INT_CONVERSION = YES;
				CLANG_WARN_NON_LITERAL_NULL_CONVERSION = YES;
				CLANG_WARN_OBJC_IMPLICIT_RETAIN_SELF = YES;
				CLANG_WARN_OBJC_LITERAL_CONVERSION = YES;
				CLANG_WARN_OBJC_ROOT_CLASS = YES_ERROR;
				CLANG_WARN_RANGE_LOOP_ANALYSIS = YES;
				CLANG_WARN_STRICT_PROTOTYPES = YES;
				CLANG_WARN_SUSPICIOUS_MOVE = YES;
				CLANG_WARN_UNGUARDED_AVAILABILITY = YES_AGGRESSIVE;
				CLANG_WARN_UNREACHABLE_CODE = YES;
				CLANG_WARN__DUPLICATE_METHOD_MATCH = YES;
				COPY_PHASE_STRIP = NO;
				DEBUG_INFORMATION_FORMAT = "dwarf-with-dsym";
				ENABLE_NS_ASSERTIONS = NO;
				ENABLE_STRICT_OBJC_MSGSEND = YES;
				GCC_C_LANGUAGE_STANDARD = gnu11;
				GCC_NO_COMMON_BLOCKS = YES;
				GCC_WARN_64_TO_32_BIT_CONVERSION = YES;
				GCC_WARN_ABOUT_RETURN_TYPE = YES_ERROR;
				GCC_WARN_UNDECLARED_SELECTOR = YES;
				GCC_WARN_UNINITIALIZED_AUTOS = YES_AGGRESSIVE;
				GCC_WARN_UNUSED_FUNCTION = YES;
				GCC_WARN_UNUSED_VARIABLE = YES;
				IPHONEOS_DEPLOYMENT_TARGET = 13.2;
				MTL_ENABLE_DEBUG_INFO = NO;
				MTL_FAST_MATH = YES;
				SDKROOT = iphoneos;
				SWIFT_COMPILATION_MODE = wholemodule;
				SWIFT_OPTIMIZATION_LEVEL = "-O";
				VALIDATE_PRODUCT = YES;
			};
			name = Release;
		};
		02FF594223D1775F00AC819D /* Debug */ = {
			isa = XCBuildConfiguration;
			buildSettings = {
				ASSETCATALOG_COMPILER_APPICON_NAME = AppIcon;
				CODE_SIGN_STYLE = Automatic;
				DEVELOPMENT_TEAM = A74B538RPM;
				INFOPLIST_FILE = Society/Info.plist;
				LD_RUNPATH_SEARCH_PATHS = (
					"$(inherited)",
					"@executable_path/Frameworks",
				);
				PRODUCT_BUNDLE_IDENTIFIER = BigFun.Society;
				PRODUCT_NAME = "$(TARGET_NAME)";
				SWIFT_VERSION = 5.0;
				TARGETED_DEVICE_FAMILY = "1,2";
			};
			name = Debug;
		};
		02FF594323D1775F00AC819D /* Release */ = {
			isa = XCBuildConfiguration;
			buildSettings = {
				ASSETCATALOG_COMPILER_APPICON_NAME = AppIcon;
				CODE_SIGN_STYLE = Automatic;
				DEVELOPMENT_TEAM = A74B538RPM;
				INFOPLIST_FILE = Society/Info.plist;
				LD_RUNPATH_SEARCH_PATHS = (
					"$(inherited)",
					"@executable_path/Frameworks",
				);
				PRODUCT_BUNDLE_IDENTIFIER = BigFun.Society;
				PRODUCT_NAME = "$(TARGET_NAME)";
				SWIFT_VERSION = 5.0;
				TARGETED_DEVICE_FAMILY = "1,2";
			};
			name = Release;
		};
/* End XCBuildConfiguration section */

/* Begin XCConfigurationList section */
		02FF592523D1775D00AC819D /* Build configuration list for PBXProject "Society" */ = {
			isa = XCConfigurationList;
			buildConfigurations = (
				02FF593F23D1775F00AC819D /* Debug */,
				02FF594023D1775F00AC819D /* Release */,
			);
			defaultConfigurationIsVisible = 0;
			defaultConfigurationName = Release;
		};
		02FF594123D1775F00AC819D /* Build configuration list for PBXNativeTarget "Society" */ = {
			isa = XCConfigurationList;
			buildConfigurations = (
				02FF594223D1775F00AC819D /* Debug */,
				02FF594323D1775F00AC819D /* Release */,
			);
			defaultConfigurationIsVisible = 0;
			defaultConfigurationName = Release;
		};
/* End XCConfigurationList section */

/* Begin XCVersionGroup section */
		02FF593623D1775D00AC819D /* Society.xcdatamodeld */ = {
			isa = XCVersionGroup;
			children = (
				02FF593723D1775D00AC819D /* Society.xcdatamodel */,
			);
			currentVersion = 02FF593723D1775D00AC819D /* Society.xcdatamodel */;
			path = Society.xcdatamodeld;
			sourceTree = "<group>";
			versionGroupType = wrapper.xcdatamodel;
		};
/* End XCVersionGroup section */
	};
	rootObject = 02FF592223D1775D00AC819D /* Project object */;
}
