// !$*UTF8*$!
{
	archiveVersion = 1;
	classes = {
	};
	objectVersion = 51;
	objects = {

/* Begin PBXBuildFile section */
		0273AACF23DE3A6600827BB7 /* AddCategoryViewController.swift in Sources */ = {isa = PBXBuildFile; fileRef = 0273AACE23DE3A6600827BB7 /* AddCategoryViewController.swift */; };
		0273AAD123E108C100827BB7 /* SettingsViewController.swift in Sources */ = {isa = PBXBuildFile; fileRef = 0273AAD023E108C100827BB7 /* SettingsViewController.swift */; };
		0273AAD323E1181000827BB7 /* TopicModel.swift in Sources */ = {isa = PBXBuildFile; fileRef = 0273AAD223E1181000827BB7 /* TopicModel.swift */; };
		0273AAD623E11AF300827BB7 /* GoogleService-Info.plist in Resources */ = {isa = PBXBuildFile; fileRef = 0273AAD523E11AF300827BB7 /* GoogleService-Info.plist */; };
		0273AAD823E11C7F00827BB7 /* SignUpModel.swift in Sources */ = {isa = PBXBuildFile; fileRef = 0273AAD723E11C7F00827BB7 /* SignUpModel.swift */; };
		02FF592E23D1775D00AC819D /* AppDelegate.swift in Sources */ = {isa = PBXBuildFile; fileRef = 02FF592D23D1775D00AC819D /* AppDelegate.swift */; };
		02FF593023D1775D00AC819D /* SceneDelegate.swift in Sources */ = {isa = PBXBuildFile; fileRef = 02FF592F23D1775D00AC819D /* SceneDelegate.swift */; };
		02FF593223D1775D00AC819D /* ViewController.swift in Sources */ = {isa = PBXBuildFile; fileRef = 02FF593123D1775D00AC819D /* ViewController.swift */; };
		02FF593523D1775D00AC819D /* Main.storyboard in Resources */ = {isa = PBXBuildFile; fileRef = 02FF593323D1775D00AC819D /* Main.storyboard */; };
		02FF593823D1775D00AC819D /* Society.xcdatamodeld in Sources */ = {isa = PBXBuildFile; fileRef = 02FF593623D1775D00AC819D /* Society.xcdatamodeld */; };
		02FF593A23D1775F00AC819D /* Assets.xcassets in Resources */ = {isa = PBXBuildFile; fileRef = 02FF593923D1775F00AC819D /* Assets.xcassets */; };
		02FF593D23D1775F00AC819D /* LaunchScreen.storyboard in Resources */ = {isa = PBXBuildFile; fileRef = 02FF593B23D1775F00AC819D /* LaunchScreen.storyboard */; };
		02FF594523D2715E00AC819D /* Extensions.swift in Sources */ = {isa = PBXBuildFile; fileRef = 02FF594423D2715E00AC819D /* Extensions.swift */; };
		02FF594923D281DC00AC819D /* SignUpViewController.swift in Sources */ = {isa = PBXBuildFile; fileRef = 02FF594823D281DC00AC819D /* SignUpViewController.swift */; };
		02FF594D23D286DE00AC819D /* CategorySelectionViewController.swift in Sources */ = {isa = PBXBuildFile; fileRef = 02FF594C23D286DE00AC819D /* CategorySelectionViewController.swift */; };
		02FF594F23D286EF00AC819D /* Category.storyboard in Resources */ = {isa = PBXBuildFile; fileRef = 02FF594E23D286EF00AC819D /* Category.storyboard */; };
		02FF595223D295ED00AC819D /* CollectionCell.swift in Sources */ = {isa = PBXBuildFile; fileRef = 02FF595123D295ED00AC819D /* CollectionCell.swift */; };
		02FF595523D29A0E00AC819D /* Views.swift in Sources */ = {isa = PBXBuildFile; fileRef = 02FF595423D29A0E00AC819D /* Views.swift */; };
		02FF595823D365D600AC819D /* TopicViewController.swift in Sources */ = {isa = PBXBuildFile; fileRef = 02FF595723D365D600AC819D /* TopicViewController.swift */; };
		02FF595A23D3662C00AC819D /* Topic.storyboard in Resources */ = {isa = PBXBuildFile; fileRef = 02FF595923D3662C00AC819D /* Topic.storyboard */; };
		02FF595D23D373D300AC819D /* Cell.swift in Sources */ = {isa = PBXBuildFile; fileRef = 02FF595C23D373D300AC819D /* Cell.swift */; };
		02FF595F23D635F100AC819D /* AddPostViewController.swift in Sources */ = {isa = PBXBuildFile; fileRef = 02FF595E23D635F100AC819D /* AddPostViewController.swift */; };
		02FF596123D69FBB00AC819D /* MainPostViewController.swift in Sources */ = {isa = PBXBuildFile; fileRef = 02FF596023D69FBB00AC819D /* MainPostViewController.swift */; };
		6A2C84BBE8CC4ACF90EA22D6 /* Pods_Society.framework in Frameworks */ = {isa = PBXBuildFile; fileRef = CEC0123F375A7A1DB1D2F008 /* Pods_Society.framework */; };
/* End PBXBuildFile section */

/* Begin PBXFileReference section */
		0273AACE23DE3A6600827BB7 /* AddCategoryViewController.swift */ = {isa = PBXFileReference; lastKnownFileType = sourcecode.swift; path = AddCategoryViewController.swift; sourceTree = "<group>"; };
		0273AAD023E108C100827BB7 /* SettingsViewController.swift */ = {isa = PBXFileReference; lastKnownFileType = sourcecode.swift; path = SettingsViewController.swift; sourceTree = "<group>"; };
		0273AAD223E1181000827BB7 /* TopicModel.swift */ = {isa = PBXFileReference; lastKnownFileType = sourcecode.swift; path = TopicModel.swift; sourceTree = "<group>"; };
		0273AAD523E11AF300827BB7 /* GoogleService-Info.plist */ = {isa = PBXFileReference; fileEncoding = 4; lastKnownFileType = text.plist.xml; path = "GoogleService-Info.plist"; sourceTree = "<group>"; };
		0273AAD723E11C7F00827BB7 /* SignUpModel.swift */ = {isa = PBXFileReference; lastKnownFileType = sourcecode.swift; path = SignUpModel.swift; sourceTree = "<group>"; };
		02FF592A23D1775D00AC819D /* Society.app */ = {isa = PBXFileReference; explicitFileType = wrapper.application; includeInIndex = 0; path = Society.app; sourceTree = BUILT_PRODUCTS_DIR; };
		02FF592D23D1775D00AC819D /* AppDelegate.swift */ = {isa = PBXFileReference; lastKnownFileType = sourcecode.swift; path = AppDelegate.swift; sourceTree = "<group>"; };
		02FF592F23D1775D00AC819D /* SceneDelegate.swift */ = {isa = PBXFileReference; lastKnownFileType = sourcecode.swift; path = SceneDelegate.swift; sourceTree = "<group>"; };
		02FF593123D1775D00AC819D /* ViewController.swift */ = {isa = PBXFileReference; lastKnownFileType = sourcecode.swift; path = ViewController.swift; sourceTree = "<group>"; };
		02FF593423D1775D00AC819D /* Base */ = {isa = PBXFileReference; lastKnownFileType = file.storyboard; name = Base; path = Base.lproj/Main.storyboard; sourceTree = "<group>"; };
		02FF593723D1775D00AC819D /* Society.xcdatamodel */ = {isa = PBXFileReference; lastKnownFileType = wrapper.xcdatamodel; path = Society.xcdatamodel; sourceTree = "<group>"; };
		02FF593923D1775F00AC819D /* Assets.xcassets */ = {isa = PBXFileReference; lastKnownFileType = folder.assetcatalog; path = Assets.xcassets; sourceTree = "<group>"; };
		02FF593C23D1775F00AC819D /* Base */ = {isa = PBXFileReference; lastKnownFileType = file.storyboard; name = Base; path = Base.lproj/LaunchScreen.storyboard; sourceTree = "<group>"; };
		02FF593E23D1775F00AC819D /* Info.plist */ = {isa = PBXFileReference; lastKnownFileType = text.plist.xml; path = Info.plist; sourceTree = "<group>"; };
		02FF594423D2715E00AC819D /* Extensions.swift */ = {isa = PBXFileReference; lastKnownFileType = sourcecode.swift; path = Extensions.swift; sourceTree = "<group>"; };
		02FF594823D281DC00AC819D /* SignUpViewController.swift */ = {isa = PBXFileReference; lastKnownFileType = sourcecode.swift; path = SignUpViewController.swift; sourceTree = "<group>"; };
		02FF594C23D286DE00AC819D /* CategorySelectionViewController.swift */ = {isa = PBXFileReference; lastKnownFileType = sourcecode.swift; path = CategorySelectionViewController.swift; sourceTree = "<group>"; };
		02FF594E23D286EF00AC819D /* Category.storyboard */ = {isa = PBXFileReference; lastKnownFileType = file.storyboard; path = Category.storyboard; sourceTree = "<group>"; };
		02FF595123D295ED00AC819D /* CollectionCell.swift */ = {isa = PBXFileReference; lastKnownFileType = sourcecode.swift; path = CollectionCell.swift; sourceTree = "<group>"; };
		02FF595423D29A0E00AC819D /* Views.swift */ = {isa = PBXFileReference; lastKnownFileType = sourcecode.swift; path = Views.swift; sourceTree = "<group>"; };
		02FF595723D365D600AC819D /* TopicViewController.swift */ = {isa = PBXFileReference; lastKnownFileType = sourcecode.swift; path = TopicViewController.swift; sourceTree = "<group>"; };
		02FF595923D3662C00AC819D /* Topic.storyboard */ = {isa = PBXFileReference; lastKnownFileType = file.storyboard; path = Topic.storyboard; sourceTree = "<group>"; };
		02FF595C23D373D300AC819D /* Cell.swift */ = {isa = PBXFileReference; lastKnownFileType = sourcecode.swift; path = Cell.swift; sourceTree = "<group>"; };
		02FF595E23D635F100AC819D /* AddPostViewController.swift */ = {isa = PBXFileReference; lastKnownFileType = sourcecode.swift; path = AddPostViewController.swift; sourceTree = "<group>"; };
		02FF596023D69FBB00AC819D /* MainPostViewController.swift */ = {isa = PBXFileReference; lastKnownFileType = sourcecode.swift; path = MainPostViewController.swift; sourceTree = "<group>"; };
		363E31BF3100893D3D4F5E7B /* Pods-Society.release.xcconfig */ = {isa = PBXFileReference; includeInIndex = 1; lastKnownFileType = text.xcconfig; name = "Pods-Society.release.xcconfig"; path = "Target Support Files/Pods-Society/Pods-Society.release.xcconfig"; sourceTree = "<group>"; };
		939685496DD24F56B1146B68 /* Pods-Society.debug.xcconfig */ = {isa = PBXFileReference; includeInIndex = 1; lastKnownFileType = text.xcconfig; name = "Pods-Society.debug.xcconfig"; path = "Target Support Files/Pods-Society/Pods-Society.debug.xcconfig"; sourceTree = "<group>"; };
		CEC0123F375A7A1DB1D2F008 /* Pods_Society.framework */ = {isa = PBXFileReference; explicitFileType = wrapper.framework; includeInIndex = 0; path = Pods_Society.framework; sourceTree = BUILT_PRODUCTS_DIR; };
/* End PBXFileReference section */

/* Begin PBXFrameworksBuildPhase section */
		02FF592723D1775D00AC819D /* Frameworks */ = {
			isa = PBXFrameworksBuildPhase;
			buildActionMask = 2147483647;
			files = (
				6A2C84BBE8CC4ACF90EA22D6 /* Pods_Society.framework in Frameworks */,
			);
			runOnlyForDeploymentPostprocessing = 0;
		};
/* End PBXFrameworksBuildPhase section */

/* Begin PBXGroup section */
		0273AAD423E1182300827BB7 /* Models */ = {
			isa = PBXGroup;
			children = (
				0273AAD723E11C7F00827BB7 /* SignUpModel.swift */,
			);
			path = Models;
			sourceTree = "<group>";
		};
		02FF592123D1775D00AC819D = {
			isa = PBXGroup;
			children = (
				02FF592C23D1775D00AC819D /* Society */,
				02FF592B23D1775D00AC819D /* Products */,
				0273AAD523E11AF300827BB7 /* GoogleService-Info.plist */,
				02FF592F23D1775D00AC819D /* SceneDelegate.swift */,
				02FF593623D1775D00AC819D /* Society.xcdatamodeld */,
				0848D069DBA035AAFE2FB2B0 /* Pods */,
				9E0E76C9211346CD936EABBD /* Frameworks */,
			);
			sourceTree = "<group>";
		};
		02FF592B23D1775D00AC819D /* Products */ = {
			isa = PBXGroup;
			children = (
				02FF592A23D1775D00AC819D /* Society.app */,
			);
			name = Products;
			sourceTree = "<group>";
		};
		02FF592C23D1775D00AC819D /* Society */ = {
			isa = PBXGroup;
			children = (
				02FF593E23D1775F00AC819D /* Info.plist */,
				02FF592D23D1775D00AC819D /* AppDelegate.swift */,
				02FF593B23D1775F00AC819D /* LaunchScreen.storyboard */,
				02FF595623D3659A00AC819D /* TopicHome */,
				02FF594B23D286A600AC819D /* CategoryHome */,
				02FF594A23D2861E00AC819D /* Login&SignUp */,
				02FF593923D1775F00AC819D /* Assets.xcassets */,
				02FF595323D299E500AC819D /* Views&More */,
			);
			path = Society;
			sourceTree = "<group>";
		};
		02FF594A23D2861E00AC819D /* Login&SignUp */ = {
			isa = PBXGroup;
			children = (
				0273AAD423E1182300827BB7 /* Models */,
				02FF593323D1775D00AC819D /* Main.storyboard */,
				02FF594823D281DC00AC819D /* SignUpViewController.swift */,
				02FF593123D1775D00AC819D /* ViewController.swift */,
			);
			path = "Login&SignUp";
			sourceTree = "<group>";
		};
		02FF594B23D286A600AC819D /* CategoryHome */ = {
			isa = PBXGroup;
			children = (
				02FF595023D295C800AC819D /* Cells&Models */,
				02FF594C23D286DE00AC819D /* CategorySelectionViewController.swift */,
				02FF594E23D286EF00AC819D /* Category.storyboard */,
				0273AACE23DE3A6600827BB7 /* AddCategoryViewController.swift */,
				0273AAD023E108C100827BB7 /* SettingsViewController.swift */,
			);
			path = CategoryHome;
			sourceTree = "<group>";
		};
		02FF595023D295C800AC819D /* Cells&Models */ = {
			isa = PBXGroup;
			children = (
				02FF595123D295ED00AC819D /* CollectionCell.swift */,
				0273AAD223E1181000827BB7 /* TopicModel.swift */,
			);
			path = "Cells&Models";
			sourceTree = "<group>";
		};
		02FF595323D299E500AC819D /* Views&More */ = {
			isa = PBXGroup;
			children = (
				02FF594423D2715E00AC819D /* Extensions.swift */,
				02FF595423D29A0E00AC819D /* Views.swift */,
			);
			path = "Views&More";
			sourceTree = "<group>";
		};
		02FF595623D3659A00AC819D /* TopicHome */ = {
			isa = PBXGroup;
			children = (
				02FF595B23D3738200AC819D /* Cells&Model */,
				02FF595723D365D600AC819D /* TopicViewController.swift */,
				02FF595923D3662C00AC819D /* Topic.storyboard */,
				02FF595E23D635F100AC819D /* AddPostViewController.swift */,
				02FF596023D69FBB00AC819D /* MainPostViewController.swift */,
			);
			path = TopicHome;
			sourceTree = "<group>";
		};
		02FF595B23D3738200AC819D /* Cells&Model */ = {
			isa = PBXGroup;
			children = (
				02FF595C23D373D300AC819D /* Cell.swift */,
			);
			path = "Cells&Model";
			sourceTree = "<group>";
		};
		0848D069DBA035AAFE2FB2B0 /* Pods */ = {
			isa = PBXGroup;
			children = (
				939685496DD24F56B1146B68 /* Pods-Society.debug.xcconfig */,
				363E31BF3100893D3D4F5E7B /* Pods-Society.release.xcconfig */,
			);
			path = Pods;
			sourceTree = "<group>";
		};
		9E0E76C9211346CD936EABBD /* Frameworks */ = {
			isa = PBXGroup;
			children = (
				CEC0123F375A7A1DB1D2F008 /* Pods_Society.framework */,
			);
			name = Frameworks;
			sourceTree = "<group>";
		};
/* End PBXGroup section */

/* Begin PBXNativeTarget section */
		02FF592923D1775D00AC819D /* Society */ = {
			isa = PBXNativeTarget;
			buildConfigurationList = 02FF594123D1775F00AC819D /* Build configuration list for PBXNativeTarget "Society" */;
			buildPhases = (
				5DD165FEDB2FC93C3BCC97C2 /* [CP] Check Pods Manifest.lock */,
				02FF592623D1775D00AC819D /* Sources */,
				02FF592723D1775D00AC819D /* Frameworks */,
				02FF592823D1775D00AC819D /* Resources */,
				CAFCE6F1C060D385328741C0 /* [CP] Embed Pods Frameworks */,
			);
			buildRules = (
			);
			dependencies = (
			);
			name = Society;
			productName = Society;
			productReference = 02FF592A23D1775D00AC819D /* Society.app */;
			productType = "com.apple.product-type.application";
		};
/* End PBXNativeTarget section */

/* Begin PBXProject section */
		02FF592223D1775D00AC819D /* Project object */ = {
			isa = PBXProject;
			attributes = {
				LastSwiftUpdateCheck = 1120;
				LastUpgradeCheck = 1120;
				ORGANIZATIONNAME = "Simon Tekeste";
				TargetAttributes = {
					02FF592923D1775D00AC819D = {
						CreatedOnToolsVersion = 11.2.1;
					};
				};
			};
			buildConfigurationList = 02FF592523D1775D00AC819D /* Build configuration list for PBXProject "Society" */;
			compatibilityVersion = "Xcode 9.3";
			developmentRegion = en;
			hasScannedForEncodings = 0;
			knownRegions = (
				en,
				Base,
			);
			mainGroup = 02FF592123D1775D00AC819D;
			productRefGroup = 02FF592B23D1775D00AC819D /* Products */;
			projectDirPath = "";
			projectRoot = "";
			targets = (
				02FF592923D1775D00AC819D /* Society */,
			);
		};
/* End PBXProject section */

/* Begin PBXResourcesBuildPhase section */
		02FF592823D1775D00AC819D /* Resources */ = {
			isa = PBXResourcesBuildPhase;
			buildActionMask = 2147483647;
			files = (
				02FF594F23D286EF00AC819D /* Category.storyboard in Resources */,
				02FF593D23D1775F00AC819D /* LaunchScreen.storyboard in Resources */,
				02FF593A23D1775F00AC819D /* Assets.xcassets in Resources */,
				02FF595A23D3662C00AC819D /* Topic.storyboard in Resources */,
				02FF593523D1775D00AC819D /* Main.storyboard in Resources */,
				0273AAD623E11AF300827BB7 /* GoogleService-Info.plist in Resources */,
			);
			runOnlyForDeploymentPostprocessing = 0;
		};
/* End PBXResourcesBuildPhase section */

/* Begin PBXShellScriptBuildPhase section */
		5DD165FEDB2FC93C3BCC97C2 /* [CP] Check Pods Manifest.lock */ = {
			isa = PBXShellScriptBuildPhase;
			buildActionMask = 2147483647;
			files = (
			);
			inputFileListPaths = (
			);
			inputPaths = (
				"${PODS_PODFILE_DIR_PATH}/Podfile.lock",
				"${PODS_ROOT}/Manifest.lock",
			);
			name = "[CP] Check Pods Manifest.lock";
			outputFileListPaths = (
			);
			outputPaths = (
				"$(DERIVED_FILE_DIR)/Pods-Society-checkManifestLockResult.txt",
			);
			runOnlyForDeploymentPostprocessing = 0;
			shellPath = /bin/sh;
			shellScript = "diff \"${PODS_PODFILE_DIR_PATH}/Podfile.lock\" \"${PODS_ROOT}/Manifest.lock\" > /dev/null\nif [ $? != 0 ] ; then\n    # print error to STDERR\n    echo \"error: The sandbox is not in sync with the Podfile.lock. Run 'pod install' or update your CocoaPods installation.\" >&2\n    exit 1\nfi\n# This output is used by Xcode 'outputs' to avoid re-running this script phase.\necho \"SUCCESS\" > \"${SCRIPT_OUTPUT_FILE_0}\"\n";
			showEnvVarsInLog = 0;
		};
		CAFCE6F1C060D385328741C0 /* [CP] Embed Pods Frameworks */ = {
			isa = PBXShellScriptBuildPhase;
			buildActionMask = 2147483647;
			files = (
			);
			inputFileListPaths = (
				"${PODS_ROOT}/Target Support Files/Pods-Society/Pods-Society-frameworks-${CONFIGURATION}-input-files.xcfilelist",
			);
			name = "[CP] Embed Pods Frameworks";
			outputFileListPaths = (
				"${PODS_ROOT}/Target Support Files/Pods-Society/Pods-Society-frameworks-${CONFIGURATION}-output-files.xcfilelist",
			);
			runOnlyForDeploymentPostprocessing = 0;
			shellPath = /bin/sh;
			shellScript = "\"${PODS_ROOT}/Target Support Files/Pods-Society/Pods-Society-frameworks.sh\"\n";
			showEnvVarsInLog = 0;
		};
/* End PBXShellScriptBuildPhase section */

/* Begin PBXSourcesBuildPhase section */
		02FF592623D1775D00AC819D /* Sources */ = {
			isa = PBXSourcesBuildPhase;
			buildActionMask = 2147483647;
			files = (
				02FF594523D2715E00AC819D /* Extensions.swift in Sources */,
				02FF593823D1775D00AC819D /* Society.xcdatamodeld in Sources */,
				02FF595223D295ED00AC819D /* CollectionCell.swift in Sources */,
				0273AAD823E11C7F00827BB7 /* SignUpModel.swift in Sources */,
				02FF594923D281DC00AC819D /* SignUpViewController.swift in Sources */,
				02FF595F23D635F100AC819D /* AddPostViewController.swift in Sources */,
				02FF596123D69FBB00AC819D /* MainPostViewController.swift in Sources */,
				02FF594D23D286DE00AC819D /* CategorySelectionViewController.swift in Sources */,
				0273AAD123E108C100827BB7 /* SettingsViewController.swift in Sources */,
				02FF595D23D373D300AC819D /* Cell.swift in Sources */,
				0273AAD323E1181000827BB7 /* TopicModel.swift in Sources */,
				02FF593223D1775D00AC819D /* ViewController.swift in Sources */,
				02FF592E23D1775D00AC819D /* AppDelegate.swift in Sources */,
				02FF593023D1775D00AC819D /* SceneDelegate.swift in Sources */,
				0273AACF23DE3A6600827BB7 /* AddCategoryViewController.swift in Sources */,
				02FF595523D29A0E00AC819D /* Views.swift in Sources */,
				02FF595823D365D600AC819D /* TopicViewController.swift in Sources */,
			);
			runOnlyForDeploymentPostprocessing = 0;
		};
/* End PBXSourcesBuildPhase section */

/* Begin PBXVariantGroup section */
		02FF593323D1775D00AC819D /* Main.storyboard */ = {
			isa = PBXVariantGroup;
			children = (
				02FF593423D1775D00AC819D /* Base */,
			);
			name = Main.storyboard;
			sourceTree = "<group>";
		};
		02FF593B23D1775F00AC819D /* LaunchScreen.storyboard */ = {
			isa = PBXVariantGroup;
			children = (
				02FF593C23D1775F00AC819D /* Base */,
			);
			name = LaunchScreen.storyboard;
			sourceTree = "<group>";
		};
/* End PBXVariantGroup section */

/* Begin XCBuildConfiguration section */
		02FF593F23D1775F00AC819D /* Debug */ = {
			isa = XCBuildConfiguration;
			buildSettings = {
				ALWAYS_SEARCH_USER_PATHS = NO;
				CLANG_ANALYZER_NONNULL = YES;
				CLANG_ANALYZER_NUMBER_OBJECT_CONVERSION = YES_AGGRESSIVE;
				CLANG_CXX_LANGUAGE_STANDARD = "gnu++14";
				CLANG_CXX_LIBRARY = "libc++";
				CLANG_ENABLE_MODULES = YES;
				CLANG_ENABLE_OBJC_ARC = YES;
				CLANG_ENABLE_OBJC_WEAK = YES;
				CLANG_WARN_BLOCK_CAPTURE_AUTORELEASING = YES;
				CLANG_WARN_BOOL_CONVERSION = YES;
				CLANG_WARN_COMMA = YES;
				CLANG_WARN_CONSTANT_CONVERSION = YES;
				CLANG_WARN_DEPRECATED_OBJC_IMPLEMENTATIONS = YES;
				CLANG_WARN_DIRECT_OBJC_ISA_USAGE = YES_ERROR;
				CLANG_WARN_DOCUMENTATION_COMMENTS = YES;
				CLANG_WARN_EMPTY_BODY = YES;
				CLANG_WARN_ENUM_CONVERSION = YES;
				CLANG_WARN_INFINITE_RECURSION = YES;
				CLANG_WARN_INT_CONVERSION = YES;
				CLANG_WARN_NON_LITERAL_NULL_CONVERSION = YES;
				CLANG_WARN_OBJC_IMPLICIT_RETAIN_SELF = YES;
				CLANG_WARN_OBJC_LITERAL_CONVERSION = YES;
				CLANG_WARN_OBJC_ROOT_CLASS = YES_ERROR;
				CLANG_WARN_RANGE_LOOP_ANALYSIS = YES;
				CLANG_WARN_STRICT_PROTOTYPES = YES;
				CLANG_WARN_SUSPICIOUS_MOVE = YES;
				CLANG_WARN_UNGUARDED_AVAILABILITY = YES_AGGRESSIVE;
				CLANG_WARN_UNREACHABLE_CODE = YES;
				CLANG_WARN__DUPLICATE_METHOD_MATCH = YES;
				COPY_PHASE_STRIP = NO;
				DEBUG_INFORMATION_FORMAT = dwarf;
				ENABLE_STRICT_OBJC_MSGSEND = YES;
				ENABLE_TESTABILITY = YES;
				GCC_C_LANGUAGE_STANDARD = gnu11;
				GCC_DYNAMIC_NO_PIC = NO;
				GCC_NO_COMMON_BLOCKS = YES;
				GCC_OPTIMIZATION_LEVEL = 0;
				GCC_PREPROCESSOR_DEFINITIONS = (
					"DEBUG=1",
					"$(inherited)",
				);
				GCC_WARN_64_TO_32_BIT_CONVERSION = YES;
				GCC_WARN_ABOUT_RETURN_TYPE = YES_ERROR;
				GCC_WARN_UNDECLARED_SELECTOR = YES;
				GCC_WARN_UNINITIALIZED_AUTOS = YES_AGGRESSIVE;
				GCC_WARN_UNUSED_FUNCTION = YES;
				GCC_WARN_UNUSED_VARIABLE = YES;
				IPHONEOS_DEPLOYMENT_TARGET = 13.2;
				MTL_ENABLE_DEBUG_INFO = INCLUDE_SOURCE;
				MTL_FAST_MATH = YES;
				ONLY_ACTIVE_ARCH = YES;
				SDKROOT = iphoneos;
				SWIFT_ACTIVE_COMPILATION_CONDITIONS = DEBUG;
				SWIFT_OPTIMIZATION_LEVEL = "-Onone";
			};
			name = Debug;
		};
		02FF594023D1775F00AC819D /* Release */ = {
			isa = XCBuildConfiguration;
			buildSettings = {
				ALWAYS_SEARCH_USER_PATHS = NO;
				CLANG_ANALYZER_NONNULL = YES;
				CLANG_ANALYZER_NUMBER_OBJECT_CONVERSION = YES_AGGRESSIVE;
				CLANG_CXX_LANGUAGE_STANDARD = "gnu++14";
				CLANG_CXX_LIBRARY = "libc++";
				CLANG_ENABLE_MODULES = YES;
				CLANG_ENABLE_OBJC_ARC = YES;
				CLANG_ENABLE_OBJC_WEAK = YES;
				CLANG_WARN_BLOCK_CAPTURE_AUTORELEASING = YES;
				CLANG_WARN_BOOL_CONVERSION = YES;
				CLANG_WARN_COMMA = YES;
				CLANG_WARN_CONSTANT_CONVERSION = YES;
				CLANG_WARN_DEPRECATED_OBJC_IMPLEMENTATIONS = YES;
				CLANG_WARN_DIRECT_OBJC_ISA_USAGE = YES_ERROR;
				CLANG_WARN_DOCUMENTATION_COMMENTS = YES;
				CLANG_WARN_EMPTY_BODY = YES;
				CLANG_WARN_ENUM_CONVERSION = YES;
				CLANG_WARN_INFINITE_RECURSION = YES;
				CLANG_WARN_INT_CONVERSION = YES;
				CLANG_WARN_NON_LITERAL_NULL_CONVERSION = YES;
				CLANG_WARN_OBJC_IMPLICIT_RETAIN_SELF = YES;
				CLANG_WARN_OBJC_LITERAL_CONVERSION = YES;
				CLANG_WARN_OBJC_ROOT_CLASS = YES_ERROR;
				CLANG_WARN_RANGE_LOOP_ANALYSIS = YES;
				CLANG_WARN_STRICT_PROTOTYPES = YES;
				CLANG_WARN_SUSPICIOUS_MOVE = YES;
				CLANG_WARN_UNGUARDED_AVAILABILITY = YES_AGGRESSIVE;
				CLANG_WARN_UNREACHABLE_CODE = YES;
				CLANG_WARN__DUPLICATE_METHOD_MATCH = YES;
				COPY_PHASE_STRIP = NO;
				DEBUG_INFORMATION_FORMAT = "dwarf-with-dsym";
				ENABLE_NS_ASSERTIONS = NO;
				ENABLE_STRICT_OBJC_MSGSEND = YES;
				GCC_C_LANGUAGE_STANDARD = gnu11;
				GCC_NO_COMMON_BLOCKS = YES;
				GCC_WARN_64_TO_32_BIT_CONVERSION = YES;
				GCC_WARN_ABOUT_RETURN_TYPE = YES_ERROR;
				GCC_WARN_UNDECLARED_SELECTOR = YES;
				GCC_WARN_UNINITIALIZED_AUTOS = YES_AGGRESSIVE;
				GCC_WARN_UNUSED_FUNCTION = YES;
				GCC_WARN_UNUSED_VARIABLE = YES;
				IPHONEOS_DEPLOYMENT_TARGET = 13.2;
				MTL_ENABLE_DEBUG_INFO = NO;
				MTL_FAST_MATH = YES;
				SDKROOT = iphoneos;
				SWIFT_COMPILATION_MODE = wholemodule;
				SWIFT_OPTIMIZATION_LEVEL = "-O";
				VALIDATE_PRODUCT = YES;
			};
			name = Release;
		};
		02FF594223D1775F00AC819D /* Debug */ = {
			isa = XCBuildConfiguration;
			baseConfigurationReference = 939685496DD24F56B1146B68 /* Pods-Society.debug.xcconfig */;
			buildSettings = {
				ASSETCATALOG_COMPILER_APPICON_NAME = AppIcon;
				CODE_SIGN_STYLE = Automatic;
				DEVELOPMENT_TEAM = A74B538RPM;
				INFOPLIST_FILE = Society/Info.plist;
				LD_RUNPATH_SEARCH_PATHS = (
					"$(inherited)",
					"@executable_path/Frameworks",
				);
				PRODUCT_BUNDLE_IDENTIFIER = BigFun.Society;
				PRODUCT_NAME = "$(TARGET_NAME)";
				SWIFT_VERSION = 5.0;
				TARGETED_DEVICE_FAMILY = "1,2";
			};
			name = Debug;
		};
		02FF594323D1775F00AC819D /* Release */ = {
			isa = XCBuildConfiguration;
			baseConfigurationReference = 363E31BF3100893D3D4F5E7B /* Pods-Society.release.xcconfig */;
			buildSettings = {
				ASSETCATALOG_COMPILER_APPICON_NAME = AppIcon;
				CODE_SIGN_STYLE = Automatic;
				DEVELOPMENT_TEAM = A74B538RPM;
				INFOPLIST_FILE = Society/Info.plist;
				LD_RUNPATH_SEARCH_PATHS = (
					"$(inherited)",
					"@executable_path/Frameworks",
				);
				PRODUCT_BUNDLE_IDENTIFIER = BigFun.Society;
				PRODUCT_NAME = "$(TARGET_NAME)";
				SWIFT_VERSION = 5.0;
				TARGETED_DEVICE_FAMILY = "1,2";
			};
			name = Release;
		};
/* End XCBuildConfiguration section */

/* Begin XCConfigurationList section */
		02FF592523D1775D00AC819D /* Build configuration list for PBXProject "Society" */ = {
			isa = XCConfigurationList;
			buildConfigurations = (
				02FF593F23D1775F00AC819D /* Debug */,
				02FF594023D1775F00AC819D /* Release */,
			);
			defaultConfigurationIsVisible = 0;
			defaultConfigurationName = Release;
		};
		02FF594123D1775F00AC819D /* Build configuration list for PBXNativeTarget "Society" */ = {
			isa = XCConfigurationList;
			buildConfigurations = (
				02FF594223D1775F00AC819D /* Debug */,
				02FF594323D1775F00AC819D /* Release */,
			);
			defaultConfigurationIsVisible = 0;
			defaultConfigurationName = Release;
		};
/* End XCConfigurationList section */

/* Begin XCVersionGroup section */
		02FF593623D1775D00AC819D /* Society.xcdatamodeld */ = {
			isa = XCVersionGroup;
			children = (
				02FF593723D1775D00AC819D /* Society.xcdatamodel */,
			);
			currentVersion = 02FF593723D1775D00AC819D /* Society.xcdatamodel */;
			path = Society.xcdatamodeld;
			sourceTree = "<group>";
			versionGroupType = wrapper.xcdatamodel;
		};
/* End XCVersionGroup section */
	};
	rootObject = 02FF592223D1775D00AC819D /* Project object */;
}
